<?xml version="1.0" encoding="utf-8"?>
<Project ToolsVersion="4.0" xmlns="http://schemas.microsoft.com/developer/msbuild/2003">
  <ItemGroup>
    <Filter Include="Source Files">
      <UniqueIdentifier>{aada51de-acac-4b28-af12-36b01e8c4142}</UniqueIdentifier>
    </Filter>
    <Filter Include="Header Files">
      <UniqueIdentifier>{0617f8db-b00e-40ed-bfb1-5743bfe2b91b}</UniqueIdentifier>
    </Filter>
  </ItemGroup>
  <ItemGroup>
    <ClCompile Include="Arrow.cpp">
      <Filter>Source Files</Filter>
    </ClCompile>
    <ClCompile Include="Bat.cpp">
      <Filter>Source Files</Filter>
    </ClCompile>
    <ClCompile Include="Cave.cpp">
      <Filter>Source Files</Filter>
    </ClCompile>
    <ClCompile Include="Denizen.cpp">
      <Filter>Source Files</Filter>
    </ClCompile>
    <ClCompile Include="Dungeon.cpp">
      <Filter>Source Files</Filter>
    </ClCompile>
    <ClCompile Include="Hunter.cpp">
      <Filter>Source Files</Filter>
    </ClCompile>
    <ClCompile Include="Pit.cpp">
      <Filter>Source Files</Filter>
    </ClCompile>
    <ClCompile Include="UserNotification.cpp">
      <Filter>Source Files</Filter>
    </ClCompile>
    <ClCompile Include="Wumpus.cpp">
      <Filter>Source Files</Filter>
    </ClCompile>
  </ItemGroup>
  <ItemGroup>
    <ClInclude Include="Arrow.h">
      <Filter>Header Files</Filter>
    </ClInclude>
    <ClInclude Include="Bat.h">
      <Filter>Header Files</Filter>
    </ClInclude>
    <ClInclude Include="Cave.h">
      <Filter>Header Files</Filter>
    </ClInclude>
    <ClInclude Include="Context.h">
      <Filter>Header Files</Filter>
    </ClInclude>
    <ClInclude Include="Denizen.h">
      <Filter>Header Files</Filter>
    </ClInclude>
    <ClInclude Include="Dungeon.h">
      <Filter>Header Files</Filter>
    </ClInclude>
    <ClInclude Include="GameStateObservation.h">
      <Filter>Header Files</Filter>
    </ClInclude>
    <ClInclude Include="Hunter.h">
      <Filter>Header Files</Filter>
    </ClInclude>
    <ClInclude Include="Pit.h">
      <Filter>Header Files</Filter>
    </ClInclude>
    <ClInclude Include="RandomProvider.h">
      <Filter>Header Files</Filter>
    </ClInclude>
    <ClInclude Include="UserNotification.h">
      <Filter>Header Files</Filter>
    </ClInclude>
    <ClInclude Include="Wumpus.h">
      <Filter>Header Files</Filter>
    </ClInclude>
  </ItemGroup>
</Project>